// !$*UTF8*$!
{
	archiveVersion = 1;
	classes = {
	};
	objectVersion = 56;
	objects = {

/* Begin PBXBuildFile section */
		A3F392832C62716B00D53C8A /* ScopeApp.swift in Sources */ = {isa = PBXBuildFile; fileRef = A3F392822C62716B00D53C8A /* ScopeApp.swift */; };
		A3F392872C62716C00D53C8A /* Assets.xcassets in Resources */ = {isa = PBXBuildFile; fileRef = A3F392862C62716C00D53C8A /* Assets.xcassets */; };
		A3F3928A2C62716C00D53C8A /* Preview Assets.xcassets in Resources */ = {isa = PBXBuildFile; fileRef = A3F392892C62716C00D53C8A /* Preview Assets.xcassets */; };
		A3F392922C6272C800D53C8A /* MainReducer.swift in Sources */ = {isa = PBXBuildFile; fileRef = A3F392912C6272C800D53C8A /* MainReducer.swift */; };
		A3F392942C6272F800D53C8A /* RegistrationReducer.swift in Sources */ = {isa = PBXBuildFile; fileRef = A3F392932C6272F800D53C8A /* RegistrationReducer.swift */; };
		A3F392962C62730C00D53C8A /* ProfileReducer.swift in Sources */ = {isa = PBXBuildFile; fileRef = A3F392952C62730C00D53C8A /* ProfileReducer.swift */; };
		A3F392992C62732D00D53C8A /* ComposableArchitecture in Frameworks */ = {isa = PBXBuildFile; productRef = A3F392982C62732D00D53C8A /* ComposableArchitecture */; };
		A3F3929C2C62735A00D53C8A /* MainView.swift in Sources */ = {isa = PBXBuildFile; fileRef = A3F3929B2C62735A00D53C8A /* MainView.swift */; };
		A3F3929E2C62736600D53C8A /* RegistrationView.swift in Sources */ = {isa = PBXBuildFile; fileRef = A3F3929D2C62736600D53C8A /* RegistrationView.swift */; };
		A3F392A02C62736F00D53C8A /* ProfileView.swift in Sources */ = {isa = PBXBuildFile; fileRef = A3F3929F2C62736F00D53C8A /* ProfileView.swift */; };
/* End PBXBuildFile section */

/* Begin PBXFileReference section */
		A3F3927F2C62716B00D53C8A /* Scope.app */ = {isa = PBXFileReference; explicitFileType = wrapper.application; includeInIndex = 0; path = Scope.app; sourceTree = BUILT_PRODUCTS_DIR; };
		A3F392822C62716B00D53C8A /* ScopeApp.swift */ = {isa = PBXFileReference; lastKnownFileType = sourcecode.swift; path = ScopeApp.swift; sourceTree = "<group>"; };
		A3F392862C62716C00D53C8A /* Assets.xcassets */ = {isa = PBXFileReference; lastKnownFileType = folder.assetcatalog; path = Assets.xcassets; sourceTree = "<group>"; };
		A3F392892C62716C00D53C8A /* Preview Assets.xcassets */ = {isa = PBXFileReference; lastKnownFileType = folder.assetcatalog; path = "Preview Assets.xcassets"; sourceTree = "<group>"; };
		A3F392912C6272C800D53C8A /* MainReducer.swift */ = {isa = PBXFileReference; lastKnownFileType = sourcecode.swift; path = MainReducer.swift; sourceTree = "<group>"; };
		A3F392932C6272F800D53C8A /* RegistrationReducer.swift */ = {isa = PBXFileReference; lastKnownFileType = sourcecode.swift; path = RegistrationReducer.swift; sourceTree = "<group>"; };
		A3F392952C62730C00D53C8A /* ProfileReducer.swift */ = {isa = PBXFileReference; lastKnownFileType = sourcecode.swift; path = ProfileReducer.swift; sourceTree = "<group>"; };
		A3F3929B2C62735A00D53C8A /* MainView.swift */ = {isa = PBXFileReference; lastKnownFileType = sourcecode.swift; path = MainView.swift; sourceTree = "<group>"; };
		A3F3929D2C62736600D53C8A /* RegistrationView.swift */ = {isa = PBXFileReference; lastKnownFileType = sourcecode.swift; path = RegistrationView.swift; sourceTree = "<group>"; };
		A3F3929F2C62736F00D53C8A /* ProfileView.swift */ = {isa = PBXFileReference; lastKnownFileType = sourcecode.swift; path = ProfileView.swift; sourceTree = "<group>"; };
/* End PBXFileReference section */

/* Begin PBXFrameworksBuildPhase section */
		A3F3927C2C62716B00D53C8A /* Frameworks */ = {
			isa = PBXFrameworksBuildPhase;
			buildActionMask = 2147483647;
			files = (
				A3F392992C62732D00D53C8A /* ComposableArchitecture in Frameworks */,
			);
			runOnlyForDeploymentPostprocessing = 0;
		};
/* End PBXFrameworksBuildPhase section */

/* Begin PBXGroup section */
		A3F392762C62716B00D53C8A = {
			isa = PBXGroup;
			children = (
				A3F392812C62716B00D53C8A /* Scope */,
				A3F392802C62716B00D53C8A /* Products */,
			);
			sourceTree = "<group>";
		};
		A3F392802C62716B00D53C8A /* Products */ = {
			isa = PBXGroup;
			children = (
				A3F3927F2C62716B00D53C8A /* Scope.app */,
			);
			name = Products;
			sourceTree = "<group>";
		};
		A3F392812C62716B00D53C8A /* Scope */ = {
			isa = PBXGroup;
			children = (
				A3F392902C62717500D53C8A /* Reducers */,
				A3F3929A2C62734400D53C8A /* Views */,
				A3F392822C62716B00D53C8A /* ScopeApp.swift */,
				A3F392862C62716C00D53C8A /* Assets.xcassets */,
				A3F392882C62716C00D53C8A /* Preview Content */,
			);
			path = Scope;
			sourceTree = "<group>";
		};
		A3F392882C62716C00D53C8A /* Preview Content */ = {
			isa = PBXGroup;
			children = (
				A3F392892C62716C00D53C8A /* Preview Assets.xcassets */,
			);
			path = "Preview Content";
			sourceTree = "<group>";
		};
		A3F392902C62717500D53C8A /* Reducers */ = {
			isa = PBXGroup;
			children = (
				A3F392912C6272C800D53C8A /* MainReducer.swift */,
				A3F392932C6272F800D53C8A /* RegistrationReducer.swift */,
				A3F392952C62730C00D53C8A /* ProfileReducer.swift */,
			);
			path = Reducers;
			sourceTree = "<group>";
		};
		A3F3929A2C62734400D53C8A /* Views */ = {
			isa = PBXGroup;
			children = (
				A3F3929B2C62735A00D53C8A /* MainView.swift */,
				A3F3929D2C62736600D53C8A /* RegistrationView.swift */,
				A3F3929F2C62736F00D53C8A /* ProfileView.swift */,
			);
			path = Views;
			sourceTree = "<group>";
		};
/* End PBXGroup section */

/* Begin PBXNativeTarget section */
		A3F3927E2C62716B00D53C8A /* Scope */ = {
			isa = PBXNativeTarget;
			buildConfigurationList = A3F3928D2C62716C00D53C8A /* Build configuration list for PBXNativeTarget "Scope" */;
			buildPhases = (
				A3F3927B2C62716B00D53C8A /* Sources */,
				A3F3927C2C62716B00D53C8A /* Frameworks */,
				A3F3927D2C62716B00D53C8A /* Resources */,
			);
			buildRules = (
			);
			dependencies = (
			);
			name = Scope;
			packageProductDependencies = (
				A3F392982C62732D00D53C8A /* ComposableArchitecture */,
			);
			productName = Scope;
			productReference = A3F3927F2C62716B00D53C8A /* Scope.app */;
			productType = "com.apple.product-type.application";
		};
/* End PBXNativeTarget section */

/* Begin PBXProject section */
		A3F392772C62716B00D53C8A /* Project object */ = {
			isa = PBXProject;
			attributes = {
				BuildIndependentTargetsInParallel = 1;
				LastSwiftUpdateCheck = 1540;
				LastUpgradeCheck = 1540;
				TargetAttributes = {
					A3F3927E2C62716B00D53C8A = {
						CreatedOnToolsVersion = 15.4;
					};
				};
			};
			buildConfigurationList = A3F3927A2C62716B00D53C8A /* Build configuration list for PBXProject "Scope" */;
			compatibilityVersion = "Xcode 14.0";
			developmentRegion = en;
			hasScannedForEncodings = 0;
			knownRegions = (
				en,
				Base,
			);
			mainGroup = A3F392762C62716B00D53C8A;
			packageReferences = (
				A3F392972C62732D00D53C8A /* XCRemoteSwiftPackageReference "swift-composable-architecture" */,
			);
			productRefGroup = A3F392802C62716B00D53C8A /* Products */;
			projectDirPath = "";
			projectRoot = "";
			targets = (
				A3F3927E2C62716B00D53C8A /* Scope */,
			);
		};
/* End PBXProject section */

/* Begin PBXResourcesBuildPhase section */
		A3F3927D2C62716B00D53C8A /* Resources */ = {
			isa = PBXResourcesBuildPhase;
			buildActionMask = 2147483647;
			files = (
				A3F3928A2C62716C00D53C8A /* Preview Assets.xcassets in Resources */,
				A3F392872C62716C00D53C8A /* Assets.xcassets in Resources */,
			);
			runOnlyForDeploymentPostprocessing = 0;
		};
/* End PBXResourcesBuildPhase section */

/* Begin PBXSourcesBuildPhase section */
		A3F3927B2C62716B00D53C8A /* Sources */ = {
			isa = PBXSourcesBuildPhase;
			buildActionMask = 2147483647;
			files = (
				A3F392A02C62736F00D53C8A /* ProfileView.swift in Sources */,
				A3F3929C2C62735A00D53C8A /* MainView.swift in Sources */,
				A3F392942C6272F800D53C8A /* RegistrationReducer.swift in Sources */,
				A3F3929E2C62736600D53C8A /* RegistrationView.swift in Sources */,
				A3F392922C6272C800D53C8A /* MainReducer.swift in Sources */,
				A3F392832C62716B00D53C8A /* ScopeApp.swift in Sources */,
				A3F392962C62730C00D53C8A /* ProfileReducer.swift in Sources */,
			);
			runOnlyForDeploymentPostprocessing = 0;
		};
/* End PBXSourcesBuildPhase section */

/* Begin XCBuildConfiguration section */
		A3F3928B2C62716C00D53C8A /* Debug */ = {
			isa = XCBuildConfiguration;
			buildSettings = {
				ALWAYS_SEARCH_USER_PATHS = NO;
				ASSETCATALOG_COMPILER_GENERATE_SWIFT_ASSET_SYMBOL_EXTENSIONS = YES;
				CLANG_ANALYZER_NONNULL = YES;
				CLANG_ANALYZER_NUMBER_OBJECT_CONVERSION = YES_AGGRESSIVE;
				CLANG_CXX_LANGUAGE_STANDARD = "gnu++20";
				CLANG_ENABLE_MODULES = YES;
				CLANG_ENABLE_OBJC_ARC = YES;
				CLANG_ENABLE_OBJC_WEAK = YES;
				CLANG_WARN_BLOCK_CAPTURE_AUTORELEASING = YES;
				CLANG_WARN_BOOL_CONVERSION = YES;
				CLANG_WARN_COMMA = YES;
				CLANG_WARN_CONSTANT_CONVERSION = YES;
				CLANG_WARN_DEPRECATED_OBJC_IMPLEMENTATIONS = YES;
				CLANG_WARN_DIRECT_OBJC_ISA_USAGE = YES_ERROR;
				CLANG_WARN_DOCUMENTATION_COMMENTS = YES;
				CLANG_WARN_EMPTY_BODY = YES;
				CLANG_WARN_ENUM_CONVERSION = YES;
				CLANG_WARN_INFINITE_RECURSION = YES;
				CLANG_WARN_INT_CONVERSION = YES;
				CLANG_WARN_NON_LITERAL_NULL_CONVERSION = YES;
				CLANG_WARN_OBJC_IMPLICIT_RETAIN_SELF = YES;
				CLANG_WARN_OBJC_LITERAL_CONVERSION = YES;
				CLANG_WARN_OBJC_ROOT_CLASS = YES_ERROR;
				CLANG_WARN_QUOTED_INCLUDE_IN_FRAMEWORK_HEADER = YES;
				CLANG_WARN_RANGE_LOOP_ANALYSIS = YES;
				CLANG_WARN_STRICT_PROTOTYPES = YES;
				CLANG_WARN_SUSPICIOUS_MOVE = YES;
				CLANG_WARN_UNGUARDED_AVAILABILITY = YES_AGGRESSIVE;
				CLANG_WARN_UNREACHABLE_CODE = YES;
				CLANG_WARN__DUPLICATE_METHOD_MATCH = YES;
				COPY_PHASE_STRIP = NO;
				DEBUG_INFORMATION_FORMAT = dwarf;
				ENABLE_STRICT_OBJC_MSGSEND = YES;
				ENABLE_TESTABILITY = YES;
				ENABLE_USER_SCRIPT_SANDBOXING = YES;
				GCC_C_LANGUAGE_STANDARD = gnu17;
				GCC_DYNAMIC_NO_PIC = NO;
				GCC_NO_COMMON_BLOCKS = YES;
				GCC_OPTIMIZATION_LEVEL = 0;
				GCC_PREPROCESSOR_DEFINITIONS = (
					"DEBUG=1",
					"$(inherited)",
				);
				GCC_WARN_64_TO_32_BIT_CONVERSION = YES;
				GCC_WARN_ABOUT_RETURN_TYPE = YES_ERROR;
				GCC_WARN_UNDECLARED_SELECTOR = YES;
				GCC_WARN_UNINITIALIZED_AUTOS = YES_AGGRESSIVE;
				GCC_WARN_UNUSED_FUNCTION = YES;
				GCC_WARN_UNUSED_VARIABLE = YES;
				IPHONEOS_DEPLOYMENT_TARGET = 17.5;
				LOCALIZATION_PREFERS_STRING_CATALOGS = YES;
				MTL_ENABLE_DEBUG_INFO = INCLUDE_SOURCE;
				MTL_FAST_MATH = YES;
				ONLY_ACTIVE_ARCH = YES;
				SDKROOT = iphoneos;
				SWIFT_ACTIVE_COMPILATION_CONDITIONS = "DEBUG $(inherited)";
				SWIFT_OPTIMIZATION_LEVEL = "-Onone";
			};
			name = Debug;
		};
		A3F3928C2C62716C00D53C8A /* Release */ = {
			isa = XCBuildConfiguration;
			buildSettings = {
				ALWAYS_SEARCH_USER_PATHS = NO;
				ASSETCATALOG_COMPILER_GENERATE_SWIFT_ASSET_SYMBOL_EXTENSIONS = YES;
				CLANG_ANALYZER_NONNULL = YES;
				CLANG_ANALYZER_NUMBER_OBJECT_CONVERSION = YES_AGGRESSIVE;
				CLANG_CXX_LANGUAGE_STANDARD = "gnu++20";
				CLANG_ENABLE_MODULES = YES;
				CLANG_ENABLE_OBJC_ARC = YES;
				CLANG_ENABLE_OBJC_WEAK = YES;
				CLANG_WARN_BLOCK_CAPTURE_AUTORELEASING = YES;
				CLANG_WARN_BOOL_CONVERSION = YES;
				CLANG_WARN_COMMA = YES;
				CLANG_WARN_CONSTANT_CONVERSION = YES;
				CLANG_WARN_DEPRECATED_OBJC_IMPLEMENTATIONS = YES;
				CLANG_WARN_DIRECT_OBJC_ISA_USAGE = YES_ERROR;
				CLANG_WARN_DOCUMENTATION_COMMENTS = YES;
				CLANG_WARN_EMPTY_BODY = YES;
				CLANG_WARN_ENUM_CONVERSION = YES;
				CLANG_WARN_INFINITE_RECURSION = YES;
				CLANG_WARN_INT_CONVERSION = YES;
				CLANG_WARN_NON_LITERAL_NULL_CONVERSION = YES;
				CLANG_WARN_OBJC_IMPLICIT_RETAIN_SELF = YES;
				CLANG_WARN_OBJC_LITERAL_CONVERSION = YES;
				CLANG_WARN_OBJC_ROOT_CLASS = YES_ERROR;
				CLANG_WARN_QUOTED_INCLUDE_IN_FRAMEWORK_HEADER = YES;
				CLANG_WARN_RANGE_LOOP_ANALYSIS = YES;
				CLANG_WARN_STRICT_PROTOTYPES = YES;
				CLANG_WARN_SUSPICIOUS_MOVE = YES;
				CLANG_WARN_UNGUARDED_AVAILABILITY = YES_AGGRESSIVE;
				CLANG_WARN_UNREACHABLE_CODE = YES;
				CLANG_WARN__DUPLICATE_METHOD_MATCH = YES;
				COPY_PHASE_STRIP = NO;
				DEBUG_INFORMATION_FORMAT = "dwarf-with-dsym";
				ENABLE_NS_ASSERTIONS = NO;
				ENABLE_STRICT_OBJC_MSGSEND = YES;
				ENABLE_USER_SCRIPT_SANDBOXING = YES;
				GCC_C_LANGUAGE_STANDARD = gnu17;
				GCC_NO_COMMON_BLOCKS = YES;
				GCC_WARN_64_TO_32_BIT_CONVERSION = YES;
				GCC_WARN_ABOUT_RETURN_TYPE = YES_ERROR;
				GCC_WARN_UNDECLARED_SELECTOR = YES;
				GCC_WARN_UNINITIALIZED_AUTOS = YES_AGGRESSIVE;
				GCC_WARN_UNUSED_FUNCTION = YES;
				GCC_WARN_UNUSED_VARIABLE = YES;
				IPHONEOS_DEPLOYMENT_TARGET = 17.5;
				LOCALIZATION_PREFERS_STRING_CATALOGS = YES;
				MTL_ENABLE_DEBUG_INFO = NO;
				MTL_FAST_MATH = YES;
				SDKROOT = iphoneos;
				SWIFT_COMPILATION_MODE = wholemodule;
				VALIDATE_PRODUCT = YES;
			};
			name = Release;
		};
		A3F3928E2C62716C00D53C8A /* Debug */ = {
			isa = XCBuildConfiguration;
			buildSettings = {
				ASSETCATALOG_COMPILER_APPICON_NAME = AppIcon;
				ASSETCATALOG_COMPILER_GLOBAL_ACCENT_COLOR_NAME = AccentColor;
				CODE_SIGN_STYLE = Automatic;
				CURRENT_PROJECT_VERSION = 1;
				DEVELOPMENT_ASSET_PATHS = "\"Scope/Preview Content\"";
				DEVELOPMENT_TEAM = AYARG7CLYP;
				ENABLE_PREVIEWS = YES;
				GENERATE_INFOPLIST_FILE = YES;
				INFOPLIST_KEY_UIApplicationSceneManifest_Generation = YES;
				INFOPLIST_KEY_UIApplicationSupportsIndirectInputEvents = YES;
				INFOPLIST_KEY_UILaunchScreen_Generation = YES;
				INFOPLIST_KEY_UISupportedInterfaceOrientations_iPad = "UIInterfaceOrientationPortrait UIInterfaceOrientationPortraitUpsideDown UIInterfaceOrientationLandscapeLeft UIInterfaceOrientationLandscapeRight";
				INFOPLIST_KEY_UISupportedInterfaceOrientations_iPhone = "UIInterfaceOrientationPortrait UIInterfaceOrientationLandscapeLeft UIInterfaceOrientationLandscapeRight";
				LD_RUNPATH_SEARCH_PATHS = (
					"$(inherited)",
					"@executable_path/Frameworks",
				);
				MARKETING_VERSION = 1.0;
				PRODUCT_BUNDLE_IDENTIFIER = com.antonGorlov.Scope;
				PRODUCT_NAME = "$(TARGET_NAME)";
				SWIFT_EMIT_LOC_STRINGS = YES;
				SWIFT_VERSION = 5.0;
				TARGETED_DEVICE_FAMILY = "1,2";
			};
			name = Debug;
		};
		A3F3928F2C62716C00D53C8A /* Release */ = {
			isa = XCBuildConfiguration;
			buildSettings = {
				ASSETCATALOG_COMPILER_APPICON_NAME = AppIcon;
				ASSETCATALOG_COMPILER_GLOBAL_ACCENT_COLOR_NAME = AccentColor;
				CODE_SIGN_STYLE = Automatic;
				CURRENT_PROJECT_VERSION = 1;
				DEVELOPMENT_ASSET_PATHS = "\"Scope/Preview Content\"";
				DEVELOPMENT_TEAM = AYARG7CLYP;
				ENABLE_PREVIEWS = YES;
				GENERATE_INFOPLIST_FILE = YES;
				INFOPLIST_KEY_UIApplicationSceneManifest_Generation = YES;
				INFOPLIST_KEY_UIApplicationSupportsIndirectInputEvents = YES;
				INFOPLIST_KEY_UILaunchScreen_Generation = YES;
				INFOPLIST_KEY_UISupportedInterfaceOrientations_iPad = "UIInterfaceOrientationPortrait UIInterfaceOrientationPortraitUpsideDown UIInterfaceOrientationLandscapeLeft UIInterfaceOrientationLandscapeRight";
				INFOPLIST_KEY_UISupportedInterfaceOrientations_iPhone = "UIInterfaceOrientationPortrait UIInterfaceOrientationLandscapeLeft UIInterfaceOrientationLandscapeRight";
				LD_RUNPATH_SEARCH_PATHS = (
					"$(inherited)",
					"@executable_path/Frameworks",
				);
				MARKETING_VERSION = 1.0;
				PRODUCT_BUNDLE_IDENTIFIER = com.antonGorlov.Scope;
				PRODUCT_NAME = "$(TARGET_NAME)";
				SWIFT_EMIT_LOC_STRINGS = YES;
				SWIFT_VERSION = 5.0;
				TARGETED_DEVICE_FAMILY = "1,2";
			};
			name = Release;
		};
/* End XCBuildConfiguration section */

/* Begin XCConfigurationList section */
		A3F3927A2C62716B00D53C8A /* Build configuration list for PBXProject "Scope" */ = {
			isa = XCConfigurationList;
			buildConfigurations = (
				A3F3928B2C62716C00D53C8A /* Debug */,
				A3F3928C2C62716C00D53C8A /* Release */,
			);
			defaultConfigurationIsVisible = 0;
			defaultConfigurationName = Release;
		};
		A3F3928D2C62716C00D53C8A /* Build configuration list for PBXNativeTarget "Scope" */ = {
			isa = XCConfigurationList;
			buildConfigurations = (
				A3F3928E2C62716C00D53C8A /* Debug */,
				A3F3928F2C62716C00D53C8A /* Release */,
			);
			defaultConfigurationIsVisible = 0;
			defaultConfigurationName = Release;
		};
/* End XCConfigurationList section */

/* Begin XCRemoteSwiftPackageReference section */
		A3F392972C62732D00D53C8A /* XCRemoteSwiftPackageReference "swift-composable-architecture" */ = {
			isa = XCRemoteSwiftPackageReference;
			repositoryURL = "https://github.com/pointfreeco/swift-composable-architecture";
			requirement = {
				kind = upToNextMajorVersion;
				minimumVersion = 1.12.1;
			};
		};
/* End XCRemoteSwiftPackageReference section */

/* Begin XCSwiftPackageProductDependency section */
		A3F392982C62732D00D53C8A /* ComposableArchitecture */ = {
			isa = XCSwiftPackageProductDependency;
			package = A3F392972C62732D00D53C8A /* XCRemoteSwiftPackageReference "swift-composable-architecture" */;
			productName = ComposableArchitecture;
		};
/* End XCSwiftPackageProductDependency section */
	};
	rootObject = A3F392772C62716B00D53C8A /* Project object */;
}
